
Microsoft Visual Studio Solution File, Format Version 12.00
# Visual Studio Version 17
VisualStudioVersion = 17.11.35303.130
MinimumVisualStudioVersion = 10.0.40219.1
Project("{FAE04EC0-301F-11D3-BF4B-00C04F79EFBC}") = "LibraryBook", "LibraryBook.csproj", "{24247EBF-AF0C-4603-BB47-509813C73C19}"
EndProject
Project("{FAE04EC0-301F-11D3-BF4B-00C04F79EFBC}") = "LibraryBook_Buisness", "..\LibraryBook_Buisness\LibraryBook_Buisness.csproj", "{A5277309-859E-45BF-9774-05E0A747BA3D}"
EndProject
Project("{FAE04EC0-301F-11D3-BF4B-00C04F79EFBC}") = "LibraryBook_DataAccess", "..\LibraryBook_DataAccess\LibraryBook_DataAccess.csproj", "{5489ACFF-12DE-4904-B0FB-40324F609B8F}"
EndProject
Global
	GlobalSection(SolutionConfigurationPlatforms) = preSolution
		Debug|Any CPU = Debug|Any CPU
		Release|Any CPU = Release|Any CPU
	EndGlobalSection
	GlobalSection(ProjectConfigurationPlatforms) = postSolution
		{24247EBF-AF0C-4603-BB47-509813C73C19}.Debug|Any CPU.ActiveCfg = Debug|Any CPU
		{24247EBF-AF0C-4603-BB47-509813C73C19}.Debug|Any CPU.Build.0 = Debug|Any CPU
		{24247EBF-AF0C-4603-BB47-509813C73C19}.Release|Any CPU.ActiveCfg = Release|Any CPU
		{24247EBF-AF0C-4603-BB47-509813C73C19}.Release|Any CPU.Build.0 = Release|Any CPU
		{A5277309-859E-45BF-9774-05E0A747BA3D}.Debug|Any CPU.ActiveCfg = Debug|Any CPU
		{A5277309-859E-45BF-9774-05E0A747BA3D}.Debug|Any CPU.Build.0 = Debug|Any CPU
		{A5277309-859E-45BF-9774-05E0A747BA3D}.Release|Any CPU.ActiveCfg = Release|Any CPU
		{A5277309-859E-45BF-9774-05E0A747BA3D}.Release|Any CPU.Build.0 = Release|Any CPU
		{5489ACFF-12DE-4904-B0FB-40324F609B8F}.Debug|Any CPU.ActiveCfg = Debug|Any CPU
		{5489ACFF-12DE-4904-B0FB-40324F609B8F}.Debug|Any CPU.Build.0 = Debug|Any CPU
		{5489ACFF-12DE-4904-B0FB-40324F609B8F}.Release|Any CPU.ActiveCfg = Release|Any CPU
		{5489ACFF-12DE-4904-B0FB-40324F609B8F}.Release|Any CPU.Build.0 = Release|Any CPU
	EndGlobalSection
	GlobalSection(SolutionProperties) = preSolution
		HideSolutionNode = FALSE
	EndGlobalSection
	GlobalSection(ExtensibilityGlobals) = postSolution
		SolutionGuid = {FD54F311-92C4-4071-BEA5-3AA13EDEB2CB}
	EndGlobalSection
EndGlobal
